
Microsoft Visual Studio Solution File, Format Version 12.00
# Visual Studio Version 17
VisualStudioVersion = 17.9.34902.65
MinimumVisualStudioVersion = 10.0.40219.1
Project("{FAE04EC0-301F-11D3-BF4B-00C04F79EFBC}") = "BubbleBlog", "BubbleBlog\BubbleBlog.csproj", "{EFF83280-5808-4F7B-AF65-30DD87C42F51}"
EndProject
Global
	GlobalSection(SolutionConfigurationPlatforms) = preSolution
		Debug|Any CPU = Debug|Any CPU
		Release|Any CPU = Release|Any CPU
	EndGlobalSection
	GlobalSection(ProjectConfigurationPlatforms) = postSolution
		{EFF83280-5808-4F7B-AF65-30DD87C42F51}.Debug|Any CPU.ActiveCfg = Debug|Any CPU
		{EFF83280-5808-4F7B-AF65-30DD87C42F51}.Debug|Any CPU.Build.0 = Debug|Any CPU
		{EFF83280-5808-4F7B-AF65-30DD87C42F51}.Debug|Any CPU.Deploy.0 = Debug|Any CPU
		{EFF83280-5808-4F7B-AF65-30DD87C42F51}.Release|Any CPU.ActiveCfg = Release|Any CPU
		{EFF83280-5808-4F7B-AF65-30DD87C42F51}.Release|Any CPU.Build.0 = Release|Any CPU
		{EFF83280-5808-4F7B-AF65-30DD87C42F51}.Release|Any CPU.Deploy.0 = Release|Any CPU
	EndGlobalSection
	GlobalSection(SolutionProperties) = preSolution
		HideSolutionNode = FALSE
	EndGlobalSection
	GlobalSection(ExtensibilityGlobals) = postSolution
		SolutionGuid = {5C8D7D84-C8BB-4FF5-88C0-1CC0D338D778}
	EndGlobalSection
EndGlobal
